
Microsoft Visual Studio Solution File, Format Version 12.00
# Visual Studio Version 17
VisualStudioVersion = 17.11.35327.3
MinimumVisualStudioVersion = 10.0.40219.1
Project("{9A19103F-16F7-4668-BE54-9A1E7A4F7556}") = "Rebels.ShortLink.Api", "Rebels.ShortLink.Api\Rebels.ShortLink.Api.csproj", "{8D5A5D8C-224B-4131-9929-8A0E19D5F0BC}"
EndProject
Project("{FAE04EC0-301F-11D3-BF4B-00C04F79EFBC}") = "Rebels.ShortLink.Api.Tests", "Rebels.ShortLink.Api.Tests\Rebels.ShortLink.Api.Tests.csproj", "{649AE67A-7844-4DE2-9EEF-827CB1806C8C}"
EndProject
Global
	GlobalSection(SolutionConfigurationPlatforms) = preSolution
		Debug|Any CPU = Debug|Any CPU
		Release|Any CPU = Release|Any CPU
	EndGlobalSection
	GlobalSection(ProjectConfigurationPlatforms) = postSolution
		{8D5A5D8C-224B-4131-9929-8A0E19D5F0BC}.Debug|Any CPU.ActiveCfg = Debug|Any CPU
		{8D5A5D8C-224B-4131-9929-8A0E19D5F0BC}.Debug|Any CPU.Build.0 = Debug|Any CPU
		{8D5A5D8C-224B-4131-9929-8A0E19D5F0BC}.Release|Any CPU.ActiveCfg = Release|Any CPU
		{8D5A5D8C-224B-4131-9929-8A0E19D5F0BC}.Release|Any CPU.Build.0 = Release|Any CPU
		{649AE67A-7844-4DE2-9EEF-827CB1806C8C}.Debug|Any CPU.ActiveCfg = Debug|Any CPU
		{649AE67A-7844-4DE2-9EEF-827CB1806C8C}.Debug|Any CPU.Build.0 = Debug|Any CPU
		{649AE67A-7844-4DE2-9EEF-827CB1806C8C}.Release|Any CPU.ActiveCfg = Release|Any CPU
		{649AE67A-7844-4DE2-9EEF-827CB1806C8C}.Release|Any CPU.Build.0 = Release|Any CPU
	EndGlobalSection
	GlobalSection(SolutionProperties) = preSolution
		HideSolutionNode = FALSE
	EndGlobalSection
EndGlobal
